// !$*UTF8*$!
{
	archiveVersion = 1;
	classes = {
	};
	objectVersion = 46;
	objects = {

/* Begin PBXBuildFile section */
		360CE72D127CD056009BC9FB /* MainMenu.xib in Resources */ = {isa = PBXBuildFile; fileRef = 360CE725127CCF38009BC9FB /* MainMenu.xib */; };
		360CE732127CD056009BC9FB /* Credits.rtf in Resources */ = {isa = PBXBuildFile; fileRef = 36F06B92127B73C80003535B /* Credits.rtf */; };
		3627D92015024ED1006B89B0 /* DockClockAppDelegate.m in Sources */ = {isa = PBXBuildFile; fileRef = 3627D91F15024ED1006B89B0 /* DockClockAppDelegate.m */; };
		3627D92715027D6B006B89B0 /* Cocoa.framework in Frameworks */ = {isa = PBXBuildFile; fileRef = 364E446F127B39C800963CE7 /* Cocoa.framework */; };
		3627D93815027DE6006B89B0 /* DockTilePlugIn.m in Sources */ = {isa = PBXBuildFile; fileRef = 3627D93715027DE6006B89B0 /* DockTilePlugIn.m */; };
		3627D94415028600006B89B0 /* Dock Tile Plug-in.docktileplugin in CopyFiles */ = {isa = PBXBuildFile; fileRef = 3627D92615027D6B006B89B0 /* Dock Tile Plug-in.docktileplugin */; };
		3627D94815028892006B89B0 /* NSColor+CGColor.m in Sources */ = {isa = PBXBuildFile; fileRef = 36028D6115019F4800463021 /* NSColor+CGColor.m */; };
		3627D94B15040850006B89B0 /* DockMenu.m in Sources */ = {isa = PBXBuildFile; fileRef = 3627D94A15040850006B89B0 /* DockMenu.m */; };
		3627D94C15041041006B89B0 /* ClockView.m in Sources */ = {isa = PBXBuildFile; fileRef = 3629FC7C12E0C1E000C79C17 /* ClockView.m */; };
		3627D96115041624006B89B0 /* Background.png in Resources */ = {isa = PBXBuildFile; fileRef = 3627D95B15041624006B89B0 /* Background.png */; };
		3627D96215041624006B89B0 /* Foreground.png in Resources */ = {isa = PBXBuildFile; fileRef = 3627D95C15041624006B89B0 /* Foreground.png */; };
		3627D96315041624006B89B0 /* HandsMiddle.png in Resources */ = {isa = PBXBuildFile; fileRef = 3627D95D15041624006B89B0 /* HandsMiddle.png */; };
		3627D96415041624006B89B0 /* HourHand.png in Resources */ = {isa = PBXBuildFile; fileRef = 3627D95E15041624006B89B0 /* HourHand.png */; };
		3627D96515041624006B89B0 /* MinuteHand.png in Resources */ = {isa = PBXBuildFile; fileRef = 3627D95F15041624006B89B0 /* MinuteHand.png */; };
		3627D96615041624006B89B0 /* SecondHand.png in Resources */ = {isa = PBXBuildFile; fileRef = 3627D96015041624006B89B0 /* SecondHand.png */; };
		364E4470127B39C800963CE7 /* Cocoa.framework in Frameworks */ = {isa = PBXBuildFile; fileRef = 364E446F127B39C800963CE7 /* Cocoa.framework */; };
		364E4477127B39C800963CE7 /* main.m in Sources */ = {isa = PBXBuildFile; fileRef = 364E4476127B39C800963CE7 /* main.m */; };
		36C4633D13744BB200A91AC4 /* QuartzCore.framework in Frameworks */ = {isa = PBXBuildFile; fileRef = 36C4633C13744BB200A91AC4 /* QuartzCore.framework */; };
		36F06BB7127B75B00003535B /* Icon.icns in Resources */ = {isa = PBXBuildFile; fileRef = 36F06BB6127B75B00003535B /* Icon.icns */; };
/* End PBXBuildFile section */

/* Begin PBXContainerItemProxy section */
		3627D94515028613006B89B0 /* PBXContainerItemProxy */ = {
			isa = PBXContainerItemProxy;
			containerPortal = 364E445F127B39C700963CE7 /* Project object */;
			proxyType = 1;
			remoteGlobalIDString = 3627D92515027D6B006B89B0;
			remoteInfo = "Dock Tile Plug-in";
		};
/* End PBXContainerItemProxy section */

/* Begin PBXCopyFilesBuildPhase section */
		3627D943150285FB006B89B0 /* CopyFiles */ = {
			isa = PBXCopyFilesBuildPhase;
			buildActionMask = 2147483647;
			dstPath = "";
			dstSubfolderSpec = 13;
			files = (
				3627D94415028600006B89B0 /* Dock Tile Plug-in.docktileplugin in CopyFiles */,
			);
			runOnlyForDeploymentPostprocessing = 0;
		};
/* End PBXCopyFilesBuildPhase section */

/* Begin PBXFileReference section */
		36028D531501822800463021 /* DockClock.entitlements */ = {isa = PBXFileReference; lastKnownFileType = text.xml; path = DockClock.entitlements; sourceTree = "<group>"; };
		36028D6015019F4800463021 /* NSColor+CGColor.h */ = {isa = PBXFileReference; fileEncoding = 4; lastKnownFileType = sourcecode.c.h; name = "NSColor+CGColor.h"; path = "Categories/NSColor+CGColor.h"; sourceTree = SOURCE_ROOT; };
		36028D6115019F4800463021 /* NSColor+CGColor.m */ = {isa = PBXFileReference; fileEncoding = 4; lastKnownFileType = sourcecode.c.objc; name = "NSColor+CGColor.m"; path = "Categories/NSColor+CGColor.m"; sourceTree = SOURCE_ROOT; };
		360CE726127CCF38009BC9FB /* de */ = {isa = PBXFileReference; fileEncoding = 4; lastKnownFileType = file.xib; name = de; path = de.lproj/MainMenu.xib; sourceTree = "<group>"; };
		360CE727127CCF38009BC9FB /* en */ = {isa = PBXFileReference; fileEncoding = 4; lastKnownFileType = file.xib; name = en; path = en.lproj/MainMenu.xib; sourceTree = "<group>"; };
		360CE728127CCF38009BC9FB /* af */ = {isa = PBXFileReference; fileEncoding = 4; lastKnownFileType = file.xib; name = af; path = af.lproj/MainMenu.xib; sourceTree = "<group>"; };
		360CE729127CCF38009BC9FB /* no */ = {isa = PBXFileReference; fileEncoding = 4; lastKnownFileType = file.xib; name = no; path = no.lproj/MainMenu.xib; sourceTree = "<group>"; };
		360CE72A127CCF38009BC9FB /* fr */ = {isa = PBXFileReference; fileEncoding = 4; lastKnownFileType = file.xib; name = fr; path = fr.lproj/MainMenu.xib; sourceTree = "<group>"; };
		3627D91E15024ED1006B89B0 /* DockClockAppDelegate.h */ = {isa = PBXFileReference; fileEncoding = 4; lastKnownFileType = sourcecode.c.h; path = DockClockAppDelegate.h; sourceTree = "<group>"; };
		3627D91F15024ED1006B89B0 /* DockClockAppDelegate.m */ = {isa = PBXFileReference; fileEncoding = 4; lastKnownFileType = sourcecode.c.objc; path = DockClockAppDelegate.m; sourceTree = "<group>"; };
		3627D92615027D6B006B89B0 /* Dock Tile Plug-in.docktileplugin */ = {isa = PBXFileReference; explicitFileType = wrapper.cfbundle; includeInIndex = 0; path = "Dock Tile Plug-in.docktileplugin"; sourceTree = BUILT_PRODUCTS_DIR; };
		3627D92915027D6B006B89B0 /* AppKit.framework */ = {isa = PBXFileReference; lastKnownFileType = wrapper.framework; name = AppKit.framework; path = System/Library/Frameworks/AppKit.framework; sourceTree = SDKROOT; };
		3627D92A15027D6B006B89B0 /* CoreData.framework */ = {isa = PBXFileReference; lastKnownFileType = wrapper.framework; name = CoreData.framework; path = System/Library/Frameworks/CoreData.framework; sourceTree = SDKROOT; };
		3627D92B15027D6B006B89B0 /* Foundation.framework */ = {isa = PBXFileReference; lastKnownFileType = wrapper.framework; name = Foundation.framework; path = System/Library/Frameworks/Foundation.framework; sourceTree = SDKROOT; };
		3627D92E15027D6B006B89B0 /* Dock Tile Plug-in-Info.plist */ = {isa = PBXFileReference; lastKnownFileType = text.plist.xml; path = "Dock Tile Plug-in-Info.plist"; sourceTree = "<group>"; };
		3627D93015027D6B006B89B0 /* en */ = {isa = PBXFileReference; lastKnownFileType = text.plist.strings; name = en; path = en.lproj/InfoPlist.strings; sourceTree = "<group>"; };
		3627D93215027D6B006B89B0 /* Dock Tile Plug-in-Prefix.pch */ = {isa = PBXFileReference; lastKnownFileType = sourcecode.c.h; path = "Dock Tile Plug-in-Prefix.pch"; sourceTree = "<group>"; };
		3627D93615027DE6006B89B0 /* DockTilePlugIn.h */ = {isa = PBXFileReference; fileEncoding = 4; lastKnownFileType = sourcecode.c.h; path = DockTilePlugIn.h; sourceTree = "<group>"; };
		3627D93715027DE6006B89B0 /* DockTilePlugIn.m */ = {isa = PBXFileReference; fileEncoding = 4; lastKnownFileType = sourcecode.c.objc; path = DockTilePlugIn.m; sourceTree = "<group>"; };
		3627D94915040850006B89B0 /* DockMenu.h */ = {isa = PBXFileReference; fileEncoding = 4; lastKnownFileType = sourcecode.c.h; name = DockMenu.h; path = ../Classes/DockMenu.h; sourceTree = "<group>"; };
		3627D94A15040850006B89B0 /* DockMenu.m */ = {isa = PBXFileReference; fileEncoding = 4; lastKnownFileType = sourcecode.c.objc; name = DockMenu.m; path = ../Classes/DockMenu.m; sourceTree = "<group>"; };
		3627D95B15041624006B89B0 /* Background.png */ = {isa = PBXFileReference; lastKnownFileType = image.png; path = Background.png; sourceTree = "<group>"; };
		3627D95C15041624006B89B0 /* Foreground.png */ = {isa = PBXFileReference; lastKnownFileType = image.png; path = Foreground.png; sourceTree = "<group>"; };
		3627D95D15041624006B89B0 /* HandsMiddle.png */ = {isa = PBXFileReference; lastKnownFileType = image.png; path = HandsMiddle.png; sourceTree = "<group>"; };
		3627D95E15041624006B89B0 /* HourHand.png */ = {isa = PBXFileReference; lastKnownFileType = image.png; path = HourHand.png; sourceTree = "<group>"; };
		3627D95F15041624006B89B0 /* MinuteHand.png */ = {isa = PBXFileReference; lastKnownFileType = image.png; path = MinuteHand.png; sourceTree = "<group>"; };
		3627D96015041624006B89B0 /* SecondHand.png */ = {isa = PBXFileReference; lastKnownFileType = image.png; path = SecondHand.png; sourceTree = "<group>"; };
		3629FC7B12E0C1E000C79C17 /* ClockView.h */ = {isa = PBXFileReference; fileEncoding = 4; lastKnownFileType = sourcecode.c.h; lineEnding = 0; name = ClockView.h; path = ../Classes/ClockView.h; sourceTree = "<group>"; xcLanguageSpecificationIdentifier = xcode.lang.objcpp; };
		3629FC7C12E0C1E000C79C17 /* ClockView.m */ = {isa = PBXFileReference; fileEncoding = 4; lastKnownFileType = sourcecode.c.objc; lineEnding = 0; name = ClockView.m; path = ../Classes/ClockView.m; sourceTree = "<group>"; xcLanguageSpecificationIdentifier = xcode.lang.objc; };
		364E446C127B39C800963CE7 /* DockClock.app */ = {isa = PBXFileReference; explicitFileType = wrapper.application; includeInIndex = 0; path = DockClock.app; sourceTree = BUILT_PRODUCTS_DIR; };
		364E446F127B39C800963CE7 /* Cocoa.framework */ = {isa = PBXFileReference; lastKnownFileType = wrapper.framework; name = Cocoa.framework; path = System/Library/Frameworks/Cocoa.framework; sourceTree = SDKROOT; };
		364E4471127B39C800963CE7 /* Info.plist */ = {isa = PBXFileReference; fileEncoding = 4; lastKnownFileType = text.plist.xml; path = Info.plist; sourceTree = "<group>"; };
		364E4472127B39C800963CE7 /* DockClock_Prefix.pch */ = {isa = PBXFileReference; lastKnownFileType = sourcecode.c.h; lineEnding = 0; path = DockClock_Prefix.pch; sourceTree = "<group>"; xcLanguageSpecificationIdentifier = xcode.lang.objc; };
		364E4476127B39C800963CE7 /* main.m */ = {isa = PBXFileReference; lastKnownFileType = sourcecode.c.objc; lineEnding = 0; path = main.m; sourceTree = "<group>"; xcLanguageSpecificationIdentifier = xcode.lang.objc; };
		366B282014B852240018DD37 /* it */ = {isa = PBXFileReference; lastKnownFileType = file.xib; name = it; path = it.lproj/MainMenu.xib; sourceTree = "<group>"; };
		36C4633C13744BB200A91AC4 /* QuartzCore.framework */ = {isa = PBXFileReference; lastKnownFileType = wrapper.framework; name = QuartzCore.framework; path = System/Library/Frameworks/QuartzCore.framework; sourceTree = SDKROOT; };
		36F06B93127B73C80003535B /* en */ = {isa = PBXFileReference; fileEncoding = 4; lastKnownFileType = text.rtf; name = en; path = en.lproj/Credits.rtf; sourceTree = "<group>"; };
		36F06BB6127B75B00003535B /* Icon.icns */ = {isa = PBXFileReference; lastKnownFileType = image.icns; path = Icon.icns; sourceTree = "<group>"; };
/* End PBXFileReference section */

/* Begin PBXFrameworksBuildPhase section */
		3627D92315027D6B006B89B0 /* Frameworks */ = {
			isa = PBXFrameworksBuildPhase;
			buildActionMask = 2147483647;
			files = (
				3627D92715027D6B006B89B0 /* Cocoa.framework in Frameworks */,
			);
			runOnlyForDeploymentPostprocessing = 0;
		};
		364E4469127B39C800963CE7 /* Frameworks */ = {
			isa = PBXFrameworksBuildPhase;
			buildActionMask = 2147483647;
			files = (
				36C4633D13744BB200A91AC4 /* QuartzCore.framework in Frameworks */,
				364E4470127B39C800963CE7 /* Cocoa.framework in Frameworks */,
			);
			runOnlyForDeploymentPostprocessing = 0;
		};
/* End PBXFrameworksBuildPhase section */

/* Begin PBXGroup section */
		36028D6315019F9400463021 /* Categories */ = {
			isa = PBXGroup;
			children = (
				36028D6015019F4800463021 /* NSColor+CGColor.h */,
				36028D6115019F4800463021 /* NSColor+CGColor.m */,
			);
			name = Categories;
			path = Classes;
			sourceTree = "<group>";
		};
		3627D92815027D6B006B89B0 /* Other Frameworks */ = {
			isa = PBXGroup;
			children = (
				3627D92915027D6B006B89B0 /* AppKit.framework */,
				3627D92A15027D6B006B89B0 /* CoreData.framework */,
				3627D92B15027D6B006B89B0 /* Foundation.framework */,
			);
			name = "Other Frameworks";
			sourceTree = "<group>";
		};
		3627D92C15027D6B006B89B0 /* Dock Tile Plug-in */ = {
			isa = PBXGroup;
			children = (
				3627D92D15027D6B006B89B0 /* Supporting Files */,
				3629FC7B12E0C1E000C79C17 /* ClockView.h */,
				3629FC7C12E0C1E000C79C17 /* ClockView.m */,
				3627D94915040850006B89B0 /* DockMenu.h */,
				3627D94A15040850006B89B0 /* DockMenu.m */,
				3627D93615027DE6006B89B0 /* DockTilePlugIn.h */,
				3627D93715027DE6006B89B0 /* DockTilePlugIn.m */,
				3627D94D150415C2006B89B0 /* Themes */,
			);
			path = "Dock Tile Plug-in";
			sourceTree = "<group>";
		};
		3627D92D15027D6B006B89B0 /* Supporting Files */ = {
			isa = PBXGroup;
			children = (
				3627D92E15027D6B006B89B0 /* Dock Tile Plug-in-Info.plist */,
				3627D92F15027D6B006B89B0 /* InfoPlist.strings */,
				3627D93215027D6B006B89B0 /* Dock Tile Plug-in-Prefix.pch */,
			);
			name = "Supporting Files";
			sourceTree = "<group>";
		};
		3627D94D150415C2006B89B0 /* Themes */ = {
			isa = PBXGroup;
			children = (
				3627D95A15041624006B89B0 /* 0 */,
			);
			path = Themes;
			sourceTree = "<group>";
		};
		3627D95A15041624006B89B0 /* 0 */ = {
			isa = PBXGroup;
			children = (
				3627D95B15041624006B89B0 /* Background.png */,
				3627D95C15041624006B89B0 /* Foreground.png */,
				3627D95D15041624006B89B0 /* HandsMiddle.png */,
				3627D95E15041624006B89B0 /* HourHand.png */,
				3627D95F15041624006B89B0 /* MinuteHand.png */,
				3627D96015041624006B89B0 /* SecondHand.png */,
			);
			path = 0;
			sourceTree = "<group>";
		};
		364E445D127B39C700963CE7 = {
			isa = PBXGroup;
			children = (
				364E4464127B39C700963CE7 /* Classes */,
				36028D6315019F9400463021 /* Categories */,
				364E4465127B39C800963CE7 /* Other Sources */,
				364E4466127B39C800963CE7 /* Resources */,
				3627D92C15027D6B006B89B0 /* Dock Tile Plug-in */,
				364E4467127B39C800963CE7 /* Frameworks */,
				364E446D127B39C800963CE7 /* Products */,
			);
			sourceTree = "<group>";
		};
		364E4464127B39C700963CE7 /* Classes */ = {
			isa = PBXGroup;
			children = (
				3627D91E15024ED1006B89B0 /* DockClockAppDelegate.h */,
				3627D91F15024ED1006B89B0 /* DockClockAppDelegate.m */,
			);
			path = Classes;
			sourceTree = "<group>";
		};
		364E4465127B39C800963CE7 /* Other Sources */ = {
			isa = PBXGroup;
			children = (
				364E4472127B39C800963CE7 /* DockClock_Prefix.pch */,
				364E4476127B39C800963CE7 /* main.m */,
			);
			name = "Other Sources";
			sourceTree = "<group>";
		};
		364E4466127B39C800963CE7 /* Resources */ = {
			isa = PBXGroup;
			children = (
				36F06BB6127B75B00003535B /* Icon.icns */,
				360CE725127CCF38009BC9FB /* MainMenu.xib */,
				36F06B92127B73C80003535B /* Credits.rtf */,
				364E4471127B39C800963CE7 /* Info.plist */,
				36028D531501822800463021 /* DockClock.entitlements */,
			);
			name = Resources;
			sourceTree = "<group>";
		};
		364E4467127B39C800963CE7 /* Frameworks */ = {
			isa = PBXGroup;
			children = (
				36C4633C13744BB200A91AC4 /* QuartzCore.framework */,
				364E446F127B39C800963CE7 /* Cocoa.framework */,
				3627D92815027D6B006B89B0 /* Other Frameworks */,
			);
			name = Frameworks;
			sourceTree = "<group>";
		};
		364E446D127B39C800963CE7 /* Products */ = {
			isa = PBXGroup;
			children = (
				364E446C127B39C800963CE7 /* DockClock.app */,
				3627D92615027D6B006B89B0 /* Dock Tile Plug-in.docktileplugin */,
			);
			name = Products;
			sourceTree = "<group>";
		};
/* End PBXGroup section */

/* Begin PBXNativeTarget section */
		3627D92515027D6B006B89B0 /* Dock Tile Plug-in */ = {
			isa = PBXNativeTarget;
			buildConfigurationList = 3627D93315027D6B006B89B0 /* Build configuration list for PBXNativeTarget "Dock Tile Plug-in" */;
			buildPhases = (
				3627D92215027D6B006B89B0 /* Sources */,
				3627D92315027D6B006B89B0 /* Frameworks */,
				3627D92415027D6B006B89B0 /* Resources */,
			);
			buildRules = (
			);
			dependencies = (
			);
			name = "Dock Tile Plug-in";
			productName = "Dock Tile Plug-in";
			productReference = 3627D92615027D6B006B89B0 /* Dock Tile Plug-in.docktileplugin */;
			productType = "com.apple.product-type.bundle";
		};
		364E446B127B39C800963CE7 /* DockClock */ = {
			isa = PBXNativeTarget;
			buildConfigurationList = 364E4483127B39C800963CE7 /* Build configuration list for PBXNativeTarget "DockClock" */;
			buildPhases = (
				364E4468127B39C800963CE7 /* Sources */,
				364E4469127B39C800963CE7 /* Frameworks */,
				364E446A127B39C800963CE7 /* Resources */,
				3679DB571284809700BC36EB /* ShellScript */,
				3627D943150285FB006B89B0 /* CopyFiles */,
			);
			buildRules = (
			);
			dependencies = (
				3627D94615028613006B89B0 /* PBXTargetDependency */,
			);
			name = DockClock;
			productName = SuperMind;
			productReference = 364E446C127B39C800963CE7 /* DockClock.app */;
			productType = "com.apple.product-type.application";
		};
/* End PBXNativeTarget section */

/* Begin PBXProject section */
		364E445F127B39C700963CE7 /* Project object */ = {
			isa = PBXProject;
			attributes = {
				LastUpgradeCheck = 0430;
				ORGANIZATIONNAME = "Pecora GmbH";
			};
			buildConfigurationList = 364E4462127B39C700963CE7 /* Build configuration list for PBXProject "DockClock" */;
			compatibilityVersion = "Xcode 3.2";
			developmentRegion = English;
			hasScannedForEncodings = 0;
			knownRegions = (
				en,
				de,
				af,
				fr,
				no,
				English,
				it,
			);
			mainGroup = 364E445D127B39C700963CE7;
			productRefGroup = 364E446D127B39C800963CE7 /* Products */;
			projectDirPath = "";
			projectRoot = "";
			targets = (
				364E446B127B39C800963CE7 /* DockClock */,
				3627D92515027D6B006B89B0 /* Dock Tile Plug-in */,
			);
		};
/* End PBXProject section */

/* Begin PBXResourcesBuildPhase section */
		3627D92415027D6B006B89B0 /* Resources */ = {
			isa = PBXResourcesBuildPhase;
			buildActionMask = 2147483647;
			files = (
				3627D96115041624006B89B0 /* Background.png in Resources */,
				3627D96215041624006B89B0 /* Foreground.png in Resources */,
				3627D96315041624006B89B0 /* HandsMiddle.png in Resources */,
				3627D96415041624006B89B0 /* HourHand.png in Resources */,
				3627D96515041624006B89B0 /* MinuteHand.png in Resources */,
				3627D96615041624006B89B0 /* SecondHand.png in Resources */,
			);
			runOnlyForDeploymentPostprocessing = 0;
		};
		364E446A127B39C800963CE7 /* Resources */ = {
			isa = PBXResourcesBuildPhase;
			buildActionMask = 2147483647;
			files = (
				360CE72D127CD056009BC9FB /* MainMenu.xib in Resources */,
				360CE732127CD056009BC9FB /* Credits.rtf in Resources */,
				36F06BB7127B75B00003535B /* Icon.icns in Resources */,
			);
			runOnlyForDeploymentPostprocessing = 0;
		};
/* End PBXResourcesBuildPhase section */

/* Begin PBXShellScriptBuildPhase section */
		3679DB571284809700BC36EB /* ShellScript */ = {
			isa = PBXShellScriptBuildPhase;
			buildActionMask = 2147483647;
			files = (
			);
			inputPaths = (
			);
			outputPaths = (
			);
			runOnlyForDeploymentPostprocessing = 0;
			shellPath = /bin/bash;
			shellScript = "# http://davedelong.com/blog/2009/04/15/incrementing-build-numbers-xcode\n\nbuildNumber=$(/usr/libexec/PlistBuddy -c \"Print CFBundleVersion\" Info.plist)\nbuildNumber=$(($buildNumber + 1))\n/usr/libexec/PlistBuddy -c \"Set :CFBundleVersion $buildNumber\" Info.plist\n";
		};
/* End PBXShellScriptBuildPhase section */

/* Begin PBXSourcesBuildPhase section */
		3627D92215027D6B006B89B0 /* Sources */ = {
			isa = PBXSourcesBuildPhase;
			buildActionMask = 2147483647;
			files = (
				3627D93815027DE6006B89B0 /* DockTilePlugIn.m in Sources */,
				3627D94815028892006B89B0 /* NSColor+CGColor.m in Sources */,
				3627D94C15041041006B89B0 /* ClockView.m in Sources */,
				3627D94B15040850006B89B0 /* DockMenu.m in Sources */,
			);
			runOnlyForDeploymentPostprocessing = 0;
		};
		364E4468127B39C800963CE7 /* Sources */ = {
			isa = PBXSourcesBuildPhase;
			buildActionMask = 2147483647;
			files = (
				364E4477127B39C800963CE7 /* main.m in Sources */,
				3627D92015024ED1006B89B0 /* DockClockAppDelegate.m in Sources */,
			);
			runOnlyForDeploymentPostprocessing = 0;
		};
/* End PBXSourcesBuildPhase section */

/* Begin PBXTargetDependency section */
		3627D94615028613006B89B0 /* PBXTargetDependency */ = {
			isa = PBXTargetDependency;
			target = 3627D92515027D6B006B89B0 /* Dock Tile Plug-in */;
			targetProxy = 3627D94515028613006B89B0 /* PBXContainerItemProxy */;
		};
/* End PBXTargetDependency section */

/* Begin PBXVariantGroup section */
		360CE725127CCF38009BC9FB /* MainMenu.xib */ = {
			isa = PBXVariantGroup;
			children = (
				360CE726127CCF38009BC9FB /* de */,
				360CE727127CCF38009BC9FB /* en */,
				360CE728127CCF38009BC9FB /* af */,
				360CE729127CCF38009BC9FB /* no */,
				360CE72A127CCF38009BC9FB /* fr */,
				366B282014B852240018DD37 /* it */,
			);
			name = MainMenu.xib;
			sourceTree = "<group>";
		};
		3627D92F15027D6B006B89B0 /* InfoPlist.strings */ = {
			isa = PBXVariantGroup;
			children = (
				3627D93015027D6B006B89B0 /* en */,
			);
			name = InfoPlist.strings;
			sourceTree = "<group>";
		};
		36F06B92127B73C80003535B /* Credits.rtf */ = {
			isa = PBXVariantGroup;
			children = (
				36F06B93127B73C80003535B /* en */,
			);
			name = Credits.rtf;
			sourceTree = "<group>";
		};
/* End PBXVariantGroup section */

/* Begin XCBuildConfiguration section */
		3627D93415027D6B006B89B0 /* Debug */ = {
			isa = XCBuildConfiguration;
			buildSettings = {
				ALWAYS_SEARCH_USER_PATHS = NO;
				ARCHS = "$(ARCHS_STANDARD_64_BIT)";
				CLANG_ENABLE_OBJC_ARC = YES;
				CODE_SIGN_IDENTITY = "";
				COPY_PHASE_STRIP = NO;
				GCC_DYNAMIC_NO_PIC = NO;
				GCC_ENABLE_OBJC_EXCEPTIONS = YES;
				GCC_PRECOMPILE_PREFIX_HEADER = YES;
				GCC_PREFIX_HEADER = "Dock Tile Plug-in/Dock Tile Plug-in-Prefix.pch";
				GCC_PREPROCESSOR_DEFINITIONS = (
					"DEBUG=1",
					"$(inherited)",
				);
				GCC_SYMBOLS_PRIVATE_EXTERN = NO;
				GCC_WARN_64_TO_32_BIT_CONVERSION = YES;
				GCC_WARN_UNINITIALIZED_AUTOS = YES;
				INFOPLIST_FILE = "Dock Tile Plug-in/Dock Tile Plug-in-Info.plist";
				INSTALL_PATH = "$(LOCAL_LIBRARY_DIR)/Bundles";
				MACOSX_DEPLOYMENT_TARGET = 10.7;
				PRODUCT_NAME = "$(TARGET_NAME)";
				SDKROOT = macosx;
				WRAPPER_EXTENSION = docktileplugin;
			};
			name = Debug;
		};
		3627D93515027D6B006B89B0 /* Release */ = {
			isa = XCBuildConfiguration;
			buildSettings = {
				ALWAYS_SEARCH_USER_PATHS = NO;
				ARCHS = "$(ARCHS_STANDARD_64_BIT)";
				CLANG_ENABLE_OBJC_ARC = YES;
				CODE_SIGN_IDENTITY = "";
				COPY_PHASE_STRIP = YES;
				DEBUG_INFORMATION_FORMAT = "dwarf-with-dsym";
				GCC_ENABLE_OBJC_EXCEPTIONS = YES;
				GCC_PRECOMPILE_PREFIX_HEADER = YES;
				GCC_PREFIX_HEADER = "Dock Tile Plug-in/Dock Tile Plug-in-Prefix.pch";
				GCC_WARN_64_TO_32_BIT_CONVERSION = YES;
				GCC_WARN_UNINITIALIZED_AUTOS = YES;
				INFOPLIST_FILE = "Dock Tile Plug-in/Dock Tile Plug-in-Info.plist";
				INSTALL_PATH = "$(LOCAL_LIBRARY_DIR)/Bundles";
				MACOSX_DEPLOYMENT_TARGET = 10.7;
				PRODUCT_NAME = "$(TARGET_NAME)";
				SDKROOT = macosx;
				WRAPPER_EXTENSION = docktileplugin;
			};
			name = Release;
		};
		364E4481127B39C800963CE7 /* Debug */ = {
			isa = XCBuildConfiguration;
			buildSettings = {
				ARCHS = "$(ARCHS_STANDARD_32_64_BIT)";
				CODE_SIGN_IDENTITY = "Mac Developer";
				GCC_C_LANGUAGE_STANDARD = gnu99;
				GCC_OPTIMIZATION_LEVEL = 0;
				GCC_PREPROCESSOR_DEFINITIONS = DEBUG;
				GCC_VERSION = com.apple.compilers.llvm.clang.1_0;
				GCC_WARN_ABOUT_RETURN_TYPE = YES;
				GCC_WARN_UNUSED_VARIABLE = YES;
				MACOSX_DEPLOYMENT_TARGET = 10.6;
				ONLY_ACTIVE_ARCH = YES;
				PROVISIONING_PROFILE = "";
				SDKROOT = macosx;
				VALID_ARCHS = "i386 x86_64";
			};
			name = Debug;
		};
		364E4482127B39C800963CE7 /* Release */ = {
			isa = XCBuildConfiguration;
			buildSettings = {
				ARCHS = "$(ARCHS_STANDARD_32_64_BIT)";
				CODE_SIGN_IDENTITY = "Mac Developer";
				GCC_C_LANGUAGE_STANDARD = gnu99;
				GCC_VERSION = com.apple.compilers.llvm.clang.1_0;
				GCC_WARN_ABOUT_RETURN_TYPE = YES;
				GCC_WARN_UNUSED_VARIABLE = YES;
				MACOSX_DEPLOYMENT_TARGET = 10.6;
				ONLY_ACTIVE_ARCH = NO;
				PROVISIONING_PROFILE = "";
				SDKROOT = macosx;
				VALID_ARCHS = "i386 x86_64";
			};
			name = Release;
		};
		364E4484127B39C800963CE7 /* Debug */ = {
			isa = XCBuildConfiguration;
			buildSettings = {
				ALWAYS_SEARCH_USER_PATHS = NO;
				ARCHS = "$(ARCHS_STANDARD_64_BIT)";
				CODE_SIGN_ENTITLEMENTS = DockClock.entitlements;
				CODE_SIGN_IDENTITY = "";
				COPY_PHASE_STRIP = NO;
				DEBUG_INFORMATION_FORMAT = "dwarf-with-dsym";
				GCC_DYNAMIC_NO_PIC = NO;
				GCC_ENABLE_OBJC_EXCEPTIONS = YES;
				GCC_MODEL_TUNING = G5;
				GCC_PRECOMPILE_PREFIX_HEADER = YES;
				GCC_PREFIX_HEADER = DockClock_Prefix.pch;
				INFOPLIST_FILE = Info.plist;
				INSTALL_PATH = "$(HOME)/Applications";
				MACOSX_DEPLOYMENT_TARGET = 10.4;
				ONLY_ACTIVE_ARCH = YES;
				PRODUCT_NAME = DockClock;
				RUN_CLANG_STATIC_ANALYZER = YES;
				SDKROOT = macosx;
				WRAPPER_EXTENSION = app;
			};
			name = Debug;
		};
		364E4485127B39C800963CE7 /* Release */ = {
			isa = XCBuildConfiguration;
			buildSettings = {
				ALWAYS_SEARCH_USER_PATHS = NO;
				ARCHS = "$(ARCHS_STANDARD_64_BIT)";
				CODE_SIGN_ENTITLEMENTS = DockClock.entitlements;
				CODE_SIGN_IDENTITY = "";
				COPY_PHASE_STRIP = NO;
				DEBUG_INFORMATION_FORMAT = "dwarf-with-dsym";
				GCC_ENABLE_OBJC_EXCEPTIONS = YES;
				GCC_MODEL_TUNING = G5;
				GCC_PRECOMPILE_PREFIX_HEADER = YES;
				GCC_PREFIX_HEADER = DockClock_Prefix.pch;
				INFOPLIST_FILE = Info.plist;
				INSTALL_PATH = "$(HOME)/Applications";
				MACOSX_DEPLOYMENT_TARGET = 10.4;
				ONLY_ACTIVE_ARCH = NO;
				PRODUCT_NAME = DockClock;
				RUN_CLANG_STATIC_ANALYZER = YES;
				SDKROOT = macosx;
				WRAPPER_EXTENSION = app;
			};
			name = Release;
		};
/* End XCBuildConfiguration section */

/* Begin XCConfigurationList section */
		3627D93315027D6B006B89B0 /* Build configuration list for PBXNativeTarget "Dock Tile Plug-in" */ = {
			isa = XCConfigurationList;
			buildConfigurations = (
				3627D93415027D6B006B89B0 /* Debug */,
				3627D93515027D6B006B89B0 /* Release */,
			);
			defaultConfigurationIsVisible = 0;
			defaultConfigurationName = Release;
		};
		364E4462127B39C700963CE7 /* Build configuration list for PBXProject "DockClock" */ = {
			isa = XCConfigurationList;
			buildConfigurations = (
				364E4481127B39C800963CE7 /* Debug */,
				364E4482127B39C800963CE7 /* Release */,
			);
			defaultConfigurationIsVisible = 0;
			defaultConfigurationName = Release;
		};
		364E4483127B39C800963CE7 /* Build configuration list for PBXNativeTarget "DockClock" */ = {
			isa = XCConfigurationList;
			buildConfigurations = (
				364E4484127B39C800963CE7 /* Debug */,
				364E4485127B39C800963CE7 /* Release */,
			);
			defaultConfigurationIsVisible = 0;
			defaultConfigurationName = Release;
		};
/* End XCConfigurationList section */
	};
	rootObject = 364E445F127B39C700963CE7 /* Project object */;
}
